// !$*UTF8*$!
{
	archiveVersion = 1;
	classes = {
	};
	objectVersion = 46;
	objects = {

/* Begin PBXBuildFile section */
		BBE5AC3B1A09B7E6001F1F01 /* AppDelegate.swift in Sources */ = {isa = PBXBuildFile; fileRef = BBE5AC3A1A09B7E6001F1F01 /* AppDelegate.swift */; };
		BBE5AC3D1A09B7E6001F1F01 /* ViewController.swift in Sources */ = {isa = PBXBuildFile; fileRef = BBE5AC3C1A09B7E6001F1F01 /* ViewController.swift */; };
		BBE5AC401A09B7E6001F1F01 /* Main.storyboard in Resources */ = {isa = PBXBuildFile; fileRef = BBE5AC3E1A09B7E6001F1F01 /* Main.storyboard */; };
		BBE5AC421A09B7E6001F1F01 /* Images.xcassets in Resources */ = {isa = PBXBuildFile; fileRef = BBE5AC411A09B7E6001F1F01 /* Images.xcassets */; };
		BBE5AC511A09B7E6001F1F01 /* tonysTabTests.swift in Sources */ = {isa = PBXBuildFile; fileRef = BBE5AC501A09B7E6001F1F01 /* tonysTabTests.swift */; };
		BBE5AC5B1A09B84E001F1F01 /* TabBarViewController.swift in Sources */ = {isa = PBXBuildFile; fileRef = BBE5AC5A1A09B84E001F1F01 /* TabBarViewController.swift */; };
		BBE5AC5D1A09BB2B001F1F01 /* FirstViewController.swift in Sources */ = {isa = PBXBuildFile; fileRef = BBE5AC5C1A09BB2B001F1F01 /* FirstViewController.swift */; };
		BBE5AC5F1A09BB31001F1F01 /* SecondViewController.swift in Sources */ = {isa = PBXBuildFile; fileRef = BBE5AC5E1A09BB31001F1F01 /* SecondViewController.swift */; };
		BBE5AC611A09BB37001F1F01 /* ThirdViewController.swift in Sources */ = {isa = PBXBuildFile; fileRef = BBE5AC601A09BB37001F1F01 /* ThirdViewController.swift */; };
		BBE5AC631A09CEA0001F1F01 /* ModalViewController.swift in Sources */ = {isa = PBXBuildFile; fileRef = BBE5AC621A09CEA0001F1F01 /* ModalViewController.swift */; };
/* End PBXBuildFile section */

/* Begin PBXContainerItemProxy section */
		BBE5AC4B1A09B7E6001F1F01 /* PBXContainerItemProxy */ = {
			isa = PBXContainerItemProxy;
			containerPortal = BBE5AC2D1A09B7E6001F1F01 /* Project object */;
			proxyType = 1;
			remoteGlobalIDString = BBE5AC341A09B7E6001F1F01;
			remoteInfo = tonysTab;
		};
/* End PBXContainerItemProxy section */

/* Begin PBXFileReference section */
		BBE5AC351A09B7E6001F1F01 /* tonysTab.app */ = {isa = PBXFileReference; explicitFileType = wrapper.application; includeInIndex = 0; path = tonysTab.app; sourceTree = BUILT_PRODUCTS_DIR; };
		BBE5AC391A09B7E6001F1F01 /* Info.plist */ = {isa = PBXFileReference; lastKnownFileType = text.plist.xml; path = Info.plist; sourceTree = "<group>"; };
		BBE5AC3A1A09B7E6001F1F01 /* AppDelegate.swift */ = {isa = PBXFileReference; lastKnownFileType = sourcecode.swift; path = AppDelegate.swift; sourceTree = "<group>"; };
		BBE5AC3C1A09B7E6001F1F01 /* ViewController.swift */ = {isa = PBXFileReference; lastKnownFileType = sourcecode.swift; path = ViewController.swift; sourceTree = "<group>"; };
		BBE5AC3F1A09B7E6001F1F01 /* Base */ = {isa = PBXFileReference; lastKnownFileType = file.storyboard; name = Base; path = Base.lproj/Main.storyboard; sourceTree = "<group>"; };
		BBE5AC411A09B7E6001F1F01 /* Images.xcassets */ = {isa = PBXFileReference; lastKnownFileType = folder.assetcatalog; path = Images.xcassets; sourceTree = "<group>"; };
		BBE5AC4A1A09B7E6001F1F01 /* tonysTabTests.xctest */ = {isa = PBXFileReference; explicitFileType = wrapper.cfbundle; includeInIndex = 0; path = tonysTabTests.xctest; sourceTree = BUILT_PRODUCTS_DIR; };
		BBE5AC4F1A09B7E6001F1F01 /* Info.plist */ = {isa = PBXFileReference; lastKnownFileType = text.plist.xml; path = Info.plist; sourceTree = "<group>"; };
		BBE5AC501A09B7E6001F1F01 /* tonysTabTests.swift */ = {isa = PBXFileReference; lastKnownFileType = sourcecode.swift; path = tonysTabTests.swift; sourceTree = "<group>"; };
		BBE5AC5A1A09B84E001F1F01 /* TabBarViewController.swift */ = {isa = PBXFileReference; fileEncoding = 4; lastKnownFileType = sourcecode.swift; path = TabBarViewController.swift; sourceTree = "<group>"; };
		BBE5AC5C1A09BB2B001F1F01 /* FirstViewController.swift */ = {isa = PBXFileReference; fileEncoding = 4; lastKnownFileType = sourcecode.swift; path = FirstViewController.swift; sourceTree = "<group>"; };
		BBE5AC5E1A09BB31001F1F01 /* SecondViewController.swift */ = {isa = PBXFileReference; fileEncoding = 4; lastKnownFileType = sourcecode.swift; path = SecondViewController.swift; sourceTree = "<group>"; };
		BBE5AC601A09BB37001F1F01 /* ThirdViewController.swift */ = {isa = PBXFileReference; fileEncoding = 4; lastKnownFileType = sourcecode.swift; path = ThirdViewController.swift; sourceTree = "<group>"; };
		BBE5AC621A09CEA0001F1F01 /* ModalViewController.swift */ = {isa = PBXFileReference; fileEncoding = 4; lastKnownFileType = sourcecode.swift; path = ModalViewController.swift; sourceTree = "<group>"; };
/* End PBXFileReference section */

/* Begin PBXFrameworksBuildPhase section */
		BBE5AC321A09B7E6001F1F01 /* Frameworks */ = {
			isa = PBXFrameworksBuildPhase;
			buildActionMask = 2147483647;
			files = (
			);
			runOnlyForDeploymentPostprocessing = 0;
		};
		BBE5AC471A09B7E6001F1F01 /* Frameworks */ = {
			isa = PBXFrameworksBuildPhase;
			buildActionMask = 2147483647;
			files = (
			);
			runOnlyForDeploymentPostprocessing = 0;
		};
/* End PBXFrameworksBuildPhase section */

/* Begin PBXGroup section */
		BBE5AC2C1A09B7E6001F1F01 = {
			isa = PBXGroup;
			children = (
				BBE5AC371A09B7E6001F1F01 /* tonysTab */,
				BBE5AC4D1A09B7E6001F1F01 /* tonysTabTests */,
				BBE5AC361A09B7E6001F1F01 /* Products */,
			);
			sourceTree = "<group>";
		};
		BBE5AC361A09B7E6001F1F01 /* Products */ = {
			isa = PBXGroup;
			children = (
				BBE5AC351A09B7E6001F1F01 /* tonysTab.app */,
				BBE5AC4A1A09B7E6001F1F01 /* tonysTabTests.xctest */,
			);
			name = Products;
			sourceTree = "<group>";
		};
		BBE5AC371A09B7E6001F1F01 /* tonysTab */ = {
			isa = PBXGroup;
			children = (
				BBE5AC3A1A09B7E6001F1F01 /* AppDelegate.swift */,
				BBE5AC3C1A09B7E6001F1F01 /* ViewController.swift */,
				BBE5AC3E1A09B7E6001F1F01 /* Main.storyboard */,
				BBE5AC621A09CEA0001F1F01 /* ModalViewController.swift */,
				BBE5AC5C1A09BB2B001F1F01 /* FirstViewController.swift */,
				BBE5AC5E1A09BB31001F1F01 /* SecondViewController.swift */,
				BBE5AC601A09BB37001F1F01 /* ThirdViewController.swift */,
				BBE5AC5A1A09B84E001F1F01 /* TabBarViewController.swift */,
				BBE5AC411A09B7E6001F1F01 /* Images.xcassets */,
				BBE5AC381A09B7E6001F1F01 /* Supporting Files */,
			);
			path = tonysTab;
			sourceTree = "<group>";
		};
		BBE5AC381A09B7E6001F1F01 /* Supporting Files */ = {
			isa = PBXGroup;
			children = (
				BBE5AC391A09B7E6001F1F01 /* Info.plist */,
			);
			name = "Supporting Files";
			sourceTree = "<group>";
		};
		BBE5AC4D1A09B7E6001F1F01 /* tonysTabTests */ = {
			isa = PBXGroup;
			children = (
				BBE5AC501A09B7E6001F1F01 /* tonysTabTests.swift */,
				BBE5AC4E1A09B7E6001F1F01 /* Supporting Files */,
			);
			path = tonysTabTests;
			sourceTree = "<group>";
		};
		BBE5AC4E1A09B7E6001F1F01 /* Supporting Files */ = {
			isa = PBXGroup;
			children = (
				BBE5AC4F1A09B7E6001F1F01 /* Info.plist */,
			);
			name = "Supporting Files";
			sourceTree = "<group>";
		};
/* End PBXGroup section */

/* Begin PBXNativeTarget section */
		BBE5AC341A09B7E6001F1F01 /* tonysTab */ = {
			isa = PBXNativeTarget;
			buildConfigurationList = BBE5AC541A09B7E6001F1F01 /* Build configuration list for PBXNativeTarget "tonysTab" */;
			buildPhases = (
				BBE5AC311A09B7E6001F1F01 /* Sources */,
				BBE5AC321A09B7E6001F1F01 /* Frameworks */,
				BBE5AC331A09B7E6001F1F01 /* Resources */,
			);
			buildRules = (
			);
			dependencies = (
			);
			name = tonysTab;
			productName = tonysTab;
			productReference = BBE5AC351A09B7E6001F1F01 /* tonysTab.app */;
			productType = "com.apple.product-type.application";
		};
		BBE5AC491A09B7E6001F1F01 /* tonysTabTests */ = {
			isa = PBXNativeTarget;
			buildConfigurationList = BBE5AC571A09B7E6001F1F01 /* Build configuration list for PBXNativeTarget "tonysTabTests" */;
			buildPhases = (
				BBE5AC461A09B7E6001F1F01 /* Sources */,
				BBE5AC471A09B7E6001F1F01 /* Frameworks */,
				BBE5AC481A09B7E6001F1F01 /* Resources */,
			);
			buildRules = (
			);
			dependencies = (
				BBE5AC4C1A09B7E6001F1F01 /* PBXTargetDependency */,
			);
			name = tonysTabTests;
			productName = tonysTabTests;
			productReference = BBE5AC4A1A09B7E6001F1F01 /* tonysTabTests.xctest */;
			productType = "com.apple.product-type.bundle.unit-test";
		};
/* End PBXNativeTarget section */

/* Begin PBXProject section */
		BBE5AC2D1A09B7E6001F1F01 /* Project object */ = {
			isa = PBXProject;
			attributes = {
				LastUpgradeCheck = 0600;
				ORGANIZATIONNAME = iosfd;
				TargetAttributes = {
					BBE5AC341A09B7E6001F1F01 = {
						CreatedOnToolsVersion = 6.0;
					};
					BBE5AC491A09B7E6001F1F01 = {
						CreatedOnToolsVersion = 6.0;
						TestTargetID = BBE5AC341A09B7E6001F1F01;
					};
				};
			};
			buildConfigurationList = BBE5AC301A09B7E6001F1F01 /* Build configuration list for PBXProject "tonysTab" */;
			compatibilityVersion = "Xcode 3.2";
			developmentRegion = English;
			hasScannedForEncodings = 0;
			knownRegions = (
				en,
				Base,
			);
			mainGroup = BBE5AC2C1A09B7E6001F1F01;
			productRefGroup = BBE5AC361A09B7E6001F1F01 /* Products */;
			projectDirPath = "";
			projectRoot = "";
			targets = (
				BBE5AC341A09B7E6001F1F01 /* tonysTab */,
				BBE5AC491A09B7E6001F1F01 /* tonysTabTests */,
			);
		};
/* End PBXProject section */

/* Begin PBXResourcesBuildPhase section */
		BBE5AC331A09B7E6001F1F01 /* Resources */ = {
			isa = PBXResourcesBuildPhase;
			buildActionMask = 2147483647;
			files = (
				BBE5AC401A09B7E6001F1F01 /* Main.storyboard in Resources */,
				BBE5AC421A09B7E6001F1F01 /* Images.xcassets in Resources */,
			);
			runOnlyForDeploymentPostprocessing = 0;
		};
		BBE5AC481A09B7E6001F1F01 /* Resources */ = {
			isa = PBXResourcesBuildPhase;
			buildActionMask = 2147483647;
			files = (
			);
			runOnlyForDeploymentPostprocessing = 0;
		};
/* End PBXResourcesBuildPhase section */

/* Begin PBXSourcesBuildPhase section */
		BBE5AC311A09B7E6001F1F01 /* Sources */ = {
			isa = PBXSourcesBuildPhase;
			buildActionMask = 2147483647;
			files = (
				BBE5AC3D1A09B7E6001F1F01 /* ViewController.swift in Sources */,
				BBE5AC5B1A09B84E001F1F01 /* TabBarViewController.swift in Sources */,
				BBE5AC3B1A09B7E6001F1F01 /* AppDelegate.swift in Sources */,
				BBE5AC5F1A09BB31001F1F01 /* SecondViewController.swift in Sources */,
				BBE5AC611A09BB37001F1F01 /* ThirdViewController.swift in Sources */,
				BBE5AC5D1A09BB2B001F1F01 /* FirstViewController.swift in Sources */,
				BBE5AC631A09CEA0001F1F01 /* ModalViewController.swift in Sources */,
			);
			runOnlyForDeploymentPostprocessing = 0;
		};
		BBE5AC461A09B7E6001F1F01 /* Sources */ = {
			isa = PBXSourcesBuildPhase;
			buildActionMask = 2147483647;
			files = (
				BBE5AC511A09B7E6001F1F01 /* tonysTabTests.swift in Sources */,
			);
			runOnlyForDeploymentPostprocessing = 0;
		};
/* End PBXSourcesBuildPhase section */

/* Begin PBXTargetDependency section */
		BBE5AC4C1A09B7E6001F1F01 /* PBXTargetDependency */ = {
			isa = PBXTargetDependency;
			target = BBE5AC341A09B7E6001F1F01 /* tonysTab */;
			targetProxy = BBE5AC4B1A09B7E6001F1F01 /* PBXContainerItemProxy */;
		};
/* End PBXTargetDependency section */

/* Begin PBXVariantGroup section */
		BBE5AC3E1A09B7E6001F1F01 /* Main.storyboard */ = {
			isa = PBXVariantGroup;
			children = (
				BBE5AC3F1A09B7E6001F1F01 /* Base */,
			);
			name = Main.storyboard;
			sourceTree = "<group>";
		};
/* End PBXVariantGroup section */

/* Begin XCBuildConfiguration section */
		BBE5AC521A09B7E6001F1F01 /* Debug */ = {
			isa = XCBuildConfiguration;
			buildSettings = {
				ALWAYS_SEARCH_USER_PATHS = NO;
				CLANG_CXX_LANGUAGE_STANDARD = "gnu++0x";
				CLANG_CXX_LIBRARY = "libc++";
				CLANG_ENABLE_MODULES = YES;
				CLANG_ENABLE_OBJC_ARC = YES;
				CLANG_WARN_BOOL_CONVERSION = YES;
				CLANG_WARN_CONSTANT_CONVERSION = YES;
				CLANG_WARN_DIRECT_OBJC_ISA_USAGE = YES_ERROR;
				CLANG_WARN_EMPTY_BODY = YES;
				CLANG_WARN_ENUM_CONVERSION = YES;
				CLANG_WARN_INT_CONVERSION = YES;
				CLANG_WARN_OBJC_ROOT_CLASS = YES_ERROR;
				CLANG_WARN_UNREACHABLE_CODE = YES;
				CLANG_WARN__DUPLICATE_METHOD_MATCH = YES;
				"CODE_SIGN_IDENTITY[sdk=iphoneos*]" = "iPhone Developer";
				COPY_PHASE_STRIP = NO;
				ENABLE_STRICT_OBJC_MSGSEND = YES;
				GCC_C_LANGUAGE_STANDARD = gnu99;
				GCC_DYNAMIC_NO_PIC = NO;
				GCC_OPTIMIZATION_LEVEL = 0;
				GCC_PREPROCESSOR_DEFINITIONS = (
					"DEBUG=1",
					"$(inherited)",
				);
				GCC_SYMBOLS_PRIVATE_EXTERN = NO;
				GCC_WARN_64_TO_32_BIT_CONVERSION = YES;
				GCC_WARN_ABOUT_RETURN_TYPE = YES_ERROR;
				GCC_WARN_UNDECLARED_SELECTOR = YES;
				GCC_WARN_UNINITIALIZED_AUTOS = YES_AGGRESSIVE;
				GCC_WARN_UNUSED_FUNCTION = YES;
				GCC_WARN_UNUSED_VARIABLE = YES;
				IPHONEOS_DEPLOYMENT_TARGET = 8.0;
				MTL_ENABLE_DEBUG_INFO = YES;
				ONLY_ACTIVE_ARCH = YES;
				SDKROOT = iphoneos;
				SWIFT_OPTIMIZATION_LEVEL = "-Onone";
			};
			name = Debug;
		};
		BBE5AC531A09B7E6001F1F01 /* Release */ = {
			isa = XCBuildConfiguration;
			buildSettings = {
				ALWAYS_SEARCH_USER_PATHS = NO;
				CLANG_CXX_LANGUAGE_STANDARD = "gnu++0x";
				CLANG_CXX_LIBRARY = "libc++";
				CLANG_ENABLE_MODULES = YES;
				CLANG_ENABLE_OBJC_ARC = YES;
				CLANG_WARN_BOOL_CONVERSION = YES;
				CLANG_WARN_CONSTANT_CONVERSION = YES;
				CLANG_WARN_DIRECT_OBJC_ISA_USAGE = YES_ERROR;
				CLANG_WARN_EMPTY_BODY = YES;
				CLANG_WARN_ENUM_CONVERSION = YES;
				CLANG_WARN_INT_CONVERSION = YES;
				CLANG_WARN_OBJC_ROOT_CLASS = YES_ERROR;
				CLANG_WARN_UNREACHABLE_CODE = YES;
				CLANG_WARN__DUPLICATE_METHOD_MATCH = YES;
				"CODE_SIGN_IDENTITY[sdk=iphoneos*]" = "iPhone Developer";
				COPY_PHASE_STRIP = YES;
				ENABLE_NS_ASSERTIONS = NO;
				ENABLE_STRICT_OBJC_MSGSEND = YES;
				GCC_C_LANGUAGE_STANDARD = gnu99;
				GCC_WARN_64_TO_32_BIT_CONVERSION = YES;
				GCC_WARN_ABOUT_RETURN_TYPE = YES_ERROR;
				GCC_WARN_UNDECLARED_SELECTOR = YES;
				GCC_WARN_UNINITIALIZED_AUTOS = YES_AGGRESSIVE;
				GCC_WARN_UNUSED_FUNCTION = YES;
				GCC_WARN_UNUSED_VARIABLE = YES;
				IPHONEOS_DEPLOYMENT_TARGET = 8.0;
				MTL_ENABLE_DEBUG_INFO = NO;
				SDKROOT = iphoneos;
				VALIDATE_PRODUCT = YES;
			};
			name = Release;
		};
		BBE5AC551A09B7E6001F1F01 /* Debug */ = {
			isa = XCBuildConfiguration;
			buildSettings = {
				ASSETCATALOG_COMPILER_APPICON_NAME = AppIcon;
				INFOPLIST_FILE = tonysTab/Info.plist;
				LD_RUNPATH_SEARCH_PATHS = "$(inherited) @executable_path/Frameworks";
				PRODUCT_NAME = "$(TARGET_NAME)";
			};
			name = Debug;
		};
		BBE5AC561A09B7E6001F1F01 /* Release */ = {
			isa = XCBuildConfiguration;
			buildSettings = {
				ASSETCATALOG_COMPILER_APPICON_NAME = AppIcon;
				INFOPLIST_FILE = tonysTab/Info.plist;
				LD_RUNPATH_SEARCH_PATHS = "$(inherited) @executable_path/Frameworks";
				PRODUCT_NAME = "$(TARGET_NAME)";
			};
			name = Release;
		};
		BBE5AC581A09B7E6001F1F01 /* Debug */ = {
			isa = XCBuildConfiguration;
			buildSettings = {
				BUNDLE_LOADER = "$(TEST_HOST)";
				FRAMEWORK_SEARCH_PATHS = (
					"$(SDKROOT)/Developer/Library/Frameworks",
					"$(inherited)",
				);
				GCC_PREPROCESSOR_DEFINITIONS = (
					"DEBUG=1",
					"$(inherited)",
				);
				INFOPLIST_FILE = tonysTabTests/Info.plist;
				LD_RUNPATH_SEARCH_PATHS = "$(inherited) @executable_path/Frameworks @loader_path/Frameworks";
				PRODUCT_NAME = "$(TARGET_NAME)";
				TEST_HOST = "$(BUILT_PRODUCTS_DIR)/tonysTab.app/tonysTab";
			};
			name = Debug;
		};
		BBE5AC591A09B7E6001F1F01 /* Release */ = {
			isa = XCBuildConfiguration;
			buildSettings = {
				BUNDLE_LOADER = "$(TEST_HOST)";
				FRAMEWORK_SEARCH_PATHS = (
					"$(SDKROOT)/Developer/Library/Frameworks",
					"$(inherited)",
				);
				INFOPLIST_FILE = tonysTabTests/Info.plist;
				LD_RUNPATH_SEARCH_PATHS = "$(inherited) @executable_path/Frameworks @loader_path/Frameworks";
				PRODUCT_NAME = "$(TARGET_NAME)";
				TEST_HOST = "$(BUILT_PRODUCTS_DIR)/tonysTab.app/tonysTab";
			};
			name = Release;
		};
/* End XCBuildConfiguration section */

/* Begin XCConfigurationList section */
		BBE5AC301A09B7E6001F1F01 /* Build configuration list for PBXProject "tonysTab" */ = {
			isa = XCConfigurationList;
			buildConfigurations = (
				BBE5AC521A09B7E6001F1F01 /* Debug */,
				BBE5AC531A09B7E6001F1F01 /* Release */,
			);
			defaultConfigurationIsVisible = 0;
			defaultConfigurationName = Release;
		};
		BBE5AC541A09B7E6001F1F01 /* Build configuration list for PBXNativeTarget "tonysTab" */ = {
			isa = XCConfigurationList;
			buildConfigurations = (
				BBE5AC551A09B7E6001F1F01 /* Debug */,
				BBE5AC561A09B7E6001F1F01 /* Release */,
			);
			defaultConfigurationIsVisible = 0;
		};
		BBE5AC571A09B7E6001F1F01 /* Build configuration list for PBXNativeTarget "tonysTabTests" */ = {
			isa = XCConfigurationList;
			buildConfigurations = (
				BBE5AC581A09B7E6001F1F01 /* Debug */,
				BBE5AC591A09B7E6001F1F01 /* Release */,
			);
			defaultConfigurationIsVisible = 0;
		};
/* End XCConfigurationList section */
	};
	rootObject = BBE5AC2D1A09B7E6001F1F01 /* Project object */;
}
